
Microsoft Visual Studio Solution File, Format Version 12.00
# Visual Studio Version 17
VisualStudioVersion = 17.2.32602.215
MinimumVisualStudioVersion = 10.0.40219.1
Project("{FAE04EC0-301F-11D3-BF4B-00C04F79EFBC}") = "Lab1Task3WPF", "Lab1Task3WPF\Lab1Task3WPF.csproj", "{975508B0-EC7C-4C6E-8C73-4F5D1A4E4745}"
EndProject
Global
	GlobalSection(SolutionConfigurationPlatforms) = preSolution
		Debug|Any CPU = Debug|Any CPU
		Release|Any CPU = Release|Any CPU
	EndGlobalSection
	GlobalSection(ProjectConfigurationPlatforms) = postSolution
		{975508B0-EC7C-4C6E-8C73-4F5D1A4E4745}.Debug|Any CPU.ActiveCfg = Debug|Any CPU
		{975508B0-EC7C-4C6E-8C73-4F5D1A4E4745}.Debug|Any CPU.Build.0 = Debug|Any CPU
		{975508B0-EC7C-4C6E-8C73-4F5D1A4E4745}.Release|Any CPU.ActiveCfg = Release|Any CPU
		{975508B0-EC7C-4C6E-8C73-4F5D1A4E4745}.Release|Any CPU.Build.0 = Release|Any CPU
	EndGlobalSection
	GlobalSection(SolutionProperties) = preSolution
		HideSolutionNode = FALSE
	EndGlobalSection
	GlobalSection(ExtensibilityGlobals) = postSolution
		SolutionGuid = {74BBD8F4-3928-4EF8-9F8E-C4A321490772}
	EndGlobalSection
EndGlobal
